
Microsoft Visual Studio Solution File, Format Version 12.00
# Visual Studio 2012
Project("{FAE04EC0-301F-11D3-BF4B-00C04F79EFBC}") = "ICT13580043A2", "ICT13580043A2\ICT13580043A2.csproj", "{21B45B50-7A10-4CFC-A395-A502E7DBCCB6}"
EndProject
Project("{FAE04EC0-301F-11D3-BF4B-00C04F79EFBC}") = "ICT13580043A2.iOS", "iOS\ICT13580043A2.iOS.csproj", "{7560A8E5-A6F4-472E-A251-D3532A19AF11}"
EndProject
Project("{FAE04EC0-301F-11D3-BF4B-00C04F79EFBC}") = "ICT13580043A2.Droid", "Droid\ICT13580043A2.Droid.csproj", "{C57B52FA-5548-4239-94D5-5964BF201077}"
EndProject
Global
	GlobalSection(SolutionConfigurationPlatforms) = preSolution
		Debug|Any CPU = Debug|Any CPU
		Release|Any CPU = Release|Any CPU
		Debug|iPhoneSimulator = Debug|iPhoneSimulator
		Release|iPhone = Release|iPhone
		Release|iPhoneSimulator = Release|iPhoneSimulator
		Debug|iPhone = Debug|iPhone
	EndGlobalSection
	GlobalSection(ProjectConfigurationPlatforms) = postSolution
		{21B45B50-7A10-4CFC-A395-A502E7DBCCB6}.Debug|Any CPU.ActiveCfg = Debug|Any CPU
		{21B45B50-7A10-4CFC-A395-A502E7DBCCB6}.Debug|Any CPU.Build.0 = Debug|Any CPU
		{21B45B50-7A10-4CFC-A395-A502E7DBCCB6}.Release|Any CPU.ActiveCfg = Release|Any CPU
		{21B45B50-7A10-4CFC-A395-A502E7DBCCB6}.Release|Any CPU.Build.0 = Release|Any CPU
		{21B45B50-7A10-4CFC-A395-A502E7DBCCB6}.Debug|iPhoneSimulator.ActiveCfg = Debug|Any CPU
		{21B45B50-7A10-4CFC-A395-A502E7DBCCB6}.Debug|iPhoneSimulator.Build.0 = Debug|Any CPU
		{21B45B50-7A10-4CFC-A395-A502E7DBCCB6}.Release|iPhone.ActiveCfg = Release|Any CPU
		{21B45B50-7A10-4CFC-A395-A502E7DBCCB6}.Release|iPhone.Build.0 = Release|Any CPU
		{21B45B50-7A10-4CFC-A395-A502E7DBCCB6}.Release|iPhoneSimulator.ActiveCfg = Release|Any CPU
		{21B45B50-7A10-4CFC-A395-A502E7DBCCB6}.Release|iPhoneSimulator.Build.0 = Release|Any CPU
		{21B45B50-7A10-4CFC-A395-A502E7DBCCB6}.Debug|iPhone.ActiveCfg = Debug|Any CPU
		{21B45B50-7A10-4CFC-A395-A502E7DBCCB6}.Debug|iPhone.Build.0 = Debug|Any CPU
		{7560A8E5-A6F4-472E-A251-D3532A19AF11}.Debug|Any CPU.ActiveCfg = Debug|iPhoneSimulator
		{7560A8E5-A6F4-472E-A251-D3532A19AF11}.Debug|Any CPU.Build.0 = Debug|iPhoneSimulator
		{7560A8E5-A6F4-472E-A251-D3532A19AF11}.Release|Any CPU.ActiveCfg = Release|iPhone
		{7560A8E5-A6F4-472E-A251-D3532A19AF11}.Release|Any CPU.Build.0 = Release|iPhone
		{7560A8E5-A6F4-472E-A251-D3532A19AF11}.Debug|iPhoneSimulator.ActiveCfg = Debug|iPhoneSimulator
		{7560A8E5-A6F4-472E-A251-D3532A19AF11}.Debug|iPhoneSimulator.Build.0 = Debug|iPhoneSimulator
		{7560A8E5-A6F4-472E-A251-D3532A19AF11}.Release|iPhone.ActiveCfg = Release|iPhone
		{7560A8E5-A6F4-472E-A251-D3532A19AF11}.Release|iPhone.Build.0 = Release|iPhone
		{7560A8E5-A6F4-472E-A251-D3532A19AF11}.Release|iPhoneSimulator.ActiveCfg = Release|iPhoneSimulator
		{7560A8E5-A6F4-472E-A251-D3532A19AF11}.Release|iPhoneSimulator.Build.0 = Release|iPhoneSimulator
		{7560A8E5-A6F4-472E-A251-D3532A19AF11}.Debug|iPhone.ActiveCfg = Debug|iPhone
		{7560A8E5-A6F4-472E-A251-D3532A19AF11}.Debug|iPhone.Build.0 = Debug|iPhone
		{C57B52FA-5548-4239-94D5-5964BF201077}.Debug|Any CPU.ActiveCfg = Debug|Any CPU
		{C57B52FA-5548-4239-94D5-5964BF201077}.Debug|Any CPU.Build.0 = Debug|Any CPU
		{C57B52FA-5548-4239-94D5-5964BF201077}.Release|Any CPU.ActiveCfg = Release|Any CPU
		{C57B52FA-5548-4239-94D5-5964BF201077}.Release|Any CPU.Build.0 = Release|Any CPU
		{C57B52FA-5548-4239-94D5-5964BF201077}.Debug|iPhoneSimulator.ActiveCfg = Debug|Any CPU
		{C57B52FA-5548-4239-94D5-5964BF201077}.Debug|iPhoneSimulator.Build.0 = Debug|Any CPU
		{C57B52FA-5548-4239-94D5-5964BF201077}.Release|iPhone.ActiveCfg = Release|Any CPU
		{C57B52FA-5548-4239-94D5-5964BF201077}.Release|iPhone.Build.0 = Release|Any CPU
		{C57B52FA-5548-4239-94D5-5964BF201077}.Release|iPhoneSimulator.ActiveCfg = Release|Any CPU
		{C57B52FA-5548-4239-94D5-5964BF201077}.Release|iPhoneSimulator.Build.0 = Release|Any CPU
		{C57B52FA-5548-4239-94D5-5964BF201077}.Debug|iPhone.ActiveCfg = Debug|Any CPU
		{C57B52FA-5548-4239-94D5-5964BF201077}.Debug|iPhone.Build.0 = Debug|Any CPU
	EndGlobalSection
EndGlobal
